
Microsoft Visual Studio Solution File, Format Version 12.00
# Visual Studio 14
VisualStudioVersion = 14.0.25420.1
MinimumVisualStudioVersion = 10.0.40219.1
Project("{FAE04EC0-301F-11D3-BF4B-00C04F79EFBC}") = "TicketClient", "TicketClient\TicketClient.csproj", "{BDFE8DF0-D66F-4118-9104-D144442C8EEB}"
EndProject
Global
	GlobalSection(SolutionConfigurationPlatforms) = preSolution
		Debug|Any CPU = Debug|Any CPU
		Debug|ARM = Debug|ARM
		Debug|x64 = Debug|x64
		Debug|x86 = Debug|x86
		Release|Any CPU = Release|Any CPU
		Release|ARM = Release|ARM
		Release|x64 = Release|x64
		Release|x86 = Release|x86
	EndGlobalSection
	GlobalSection(ProjectConfigurationPlatforms) = postSolution
		{BDFE8DF0-D66F-4118-9104-D144442C8EEB}.Debug|Any CPU.ActiveCfg = Debug|Any CPU
		{BDFE8DF0-D66F-4118-9104-D144442C8EEB}.Debug|Any CPU.Build.0 = Debug|Any CPU
		{BDFE8DF0-D66F-4118-9104-D144442C8EEB}.Debug|ARM.ActiveCfg = Debug|Any CPU
		{BDFE8DF0-D66F-4118-9104-D144442C8EEB}.Debug|x64.ActiveCfg = Debug|Any CPU
		{BDFE8DF0-D66F-4118-9104-D144442C8EEB}.Debug|x86.ActiveCfg = Debug|Any CPU
		{BDFE8DF0-D66F-4118-9104-D144442C8EEB}.Release|Any CPU.ActiveCfg = Release|Any CPU
		{BDFE8DF0-D66F-4118-9104-D144442C8EEB}.Release|Any CPU.Build.0 = Release|Any CPU
		{BDFE8DF0-D66F-4118-9104-D144442C8EEB}.Release|ARM.ActiveCfg = Release|Any CPU
		{BDFE8DF0-D66F-4118-9104-D144442C8EEB}.Release|x64.ActiveCfg = Release|Any CPU
		{BDFE8DF0-D66F-4118-9104-D144442C8EEB}.Release|x86.ActiveCfg = Release|Any CPU
	EndGlobalSection
	GlobalSection(SolutionProperties) = preSolution
		HideSolutionNode = FALSE
	EndGlobalSection
EndGlobal
